// !$*UTF8*$!
{
	archiveVersion = 1;
	classes = {
	};
	objectVersion = 50;
	objects = {

/* Begin PBXBuildFile section */
		53B87D49213B377D0095FE6A /* AppDelegate.swift in Sources */ = {isa = PBXBuildFile; fileRef = 53B87D48213B377D0095FE6A /* AppDelegate.swift */; };
		53B87D4B213B377D0095FE6A /* ViewController.swift in Sources */ = {isa = PBXBuildFile; fileRef = 53B87D4A213B377D0095FE6A /* ViewController.swift */; };
		53B87D4E213B377D0095FE6A /* Main.storyboard in Resources */ = {isa = PBXBuildFile; fileRef = 53B87D4C213B377D0095FE6A /* Main.storyboard */; };
		53B87D50213B377E0095FE6A /* Assets.xcassets in Resources */ = {isa = PBXBuildFile; fileRef = 53B87D4F213B377E0095FE6A /* Assets.xcassets */; };
		53B87D53213B377E0095FE6A /* LaunchScreen.storyboard in Resources */ = {isa = PBXBuildFile; fileRef = 53B87D51213B377E0095FE6A /* LaunchScreen.storyboard */; };
		53B87D5E213B377E0095FE6A /* Port_O_PalTests.swift in Sources */ = {isa = PBXBuildFile; fileRef = 53B87D5D213B377E0095FE6A /* Port_O_PalTests.swift */; };
		53B87D69213B377E0095FE6A /* Port_O_PalUITests.swift in Sources */ = {isa = PBXBuildFile; fileRef = 53B87D68213B377E0095FE6A /* Port_O_PalUITests.swift */; };
/* End PBXBuildFile section */

/* Begin PBXContainerItemProxy section */
		53B87D5A213B377E0095FE6A /* PBXContainerItemProxy */ = {
			isa = PBXContainerItemProxy;
			containerPortal = 53B87D3D213B377D0095FE6A /* Project object */;
			proxyType = 1;
			remoteGlobalIDString = 53B87D44213B377D0095FE6A;
			remoteInfo = "Port-O-Pal";
		};
		53B87D65213B377E0095FE6A /* PBXContainerItemProxy */ = {
			isa = PBXContainerItemProxy;
			containerPortal = 53B87D3D213B377D0095FE6A /* Project object */;
			proxyType = 1;
			remoteGlobalIDString = 53B87D44213B377D0095FE6A;
			remoteInfo = "Port-O-Pal";
		};
/* End PBXContainerItemProxy section */

/* Begin PBXFileReference section */
		53B87D45213B377D0095FE6A /* Port-O-Pal.app */ = {isa = PBXFileReference; explicitFileType = wrapper.application; includeInIndex = 0; path = "Port-O-Pal.app"; sourceTree = BUILT_PRODUCTS_DIR; };
		53B87D48213B377D0095FE6A /* AppDelegate.swift */ = {isa = PBXFileReference; lastKnownFileType = sourcecode.swift; path = AppDelegate.swift; sourceTree = "<group>"; };
		53B87D4A213B377D0095FE6A /* ViewController.swift */ = {isa = PBXFileReference; lastKnownFileType = sourcecode.swift; path = ViewController.swift; sourceTree = "<group>"; };
		53B87D4D213B377D0095FE6A /* Base */ = {isa = PBXFileReference; lastKnownFileType = file.storyboard; name = Base; path = Base.lproj/Main.storyboard; sourceTree = "<group>"; };
		53B87D4F213B377E0095FE6A /* Assets.xcassets */ = {isa = PBXFileReference; lastKnownFileType = folder.assetcatalog; path = Assets.xcassets; sourceTree = "<group>"; };
		53B87D52213B377E0095FE6A /* Base */ = {isa = PBXFileReference; lastKnownFileType = file.storyboard; name = Base; path = Base.lproj/LaunchScreen.storyboard; sourceTree = "<group>"; };
		53B87D54213B377E0095FE6A /* Info.plist */ = {isa = PBXFileReference; lastKnownFileType = text.plist.xml; path = Info.plist; sourceTree = "<group>"; };
		53B87D59213B377E0095FE6A /* Port-O-PalTests.xctest */ = {isa = PBXFileReference; explicitFileType = wrapper.cfbundle; includeInIndex = 0; path = "Port-O-PalTests.xctest"; sourceTree = BUILT_PRODUCTS_DIR; };
		53B87D5D213B377E0095FE6A /* Port_O_PalTests.swift */ = {isa = PBXFileReference; lastKnownFileType = sourcecode.swift; path = Port_O_PalTests.swift; sourceTree = "<group>"; };
		53B87D5F213B377E0095FE6A /* Info.plist */ = {isa = PBXFileReference; lastKnownFileType = text.plist.xml; path = Info.plist; sourceTree = "<group>"; };
		53B87D64213B377E0095FE6A /* Port-O-PalUITests.xctest */ = {isa = PBXFileReference; explicitFileType = wrapper.cfbundle; includeInIndex = 0; path = "Port-O-PalUITests.xctest"; sourceTree = BUILT_PRODUCTS_DIR; };
		53B87D68213B377E0095FE6A /* Port_O_PalUITests.swift */ = {isa = PBXFileReference; lastKnownFileType = sourcecode.swift; path = Port_O_PalUITests.swift; sourceTree = "<group>"; };
		53B87D6A213B377F0095FE6A /* Info.plist */ = {isa = PBXFileReference; lastKnownFileType = text.plist.xml; path = Info.plist; sourceTree = "<group>"; };
/* End PBXFileReference section */

/* Begin PBXFrameworksBuildPhase section */
		53B87D42213B377D0095FE6A /* Frameworks */ = {
			isa = PBXFrameworksBuildPhase;
			buildActionMask = 2147483647;
			files = (
			);
			runOnlyForDeploymentPostprocessing = 0;
		};
		53B87D56213B377E0095FE6A /* Frameworks */ = {
			isa = PBXFrameworksBuildPhase;
			buildActionMask = 2147483647;
			files = (
			);
			runOnlyForDeploymentPostprocessing = 0;
		};
		53B87D61213B377E0095FE6A /* Frameworks */ = {
			isa = PBXFrameworksBuildPhase;
			buildActionMask = 2147483647;
			files = (
			);
			runOnlyForDeploymentPostprocessing = 0;
		};
/* End PBXFrameworksBuildPhase section */

/* Begin PBXGroup section */
		53B87D3C213B377D0095FE6A = {
			isa = PBXGroup;
			children = (
				53B87D47213B377D0095FE6A /* Port-O-Pal */,
				53B87D5C213B377E0095FE6A /* Port-O-PalTests */,
				53B87D67213B377E0095FE6A /* Port-O-PalUITests */,
				53B87D46213B377D0095FE6A /* Products */,
			);
			sourceTree = "<group>";
		};
		53B87D46213B377D0095FE6A /* Products */ = {
			isa = PBXGroup;
			children = (
				53B87D45213B377D0095FE6A /* Port-O-Pal.app */,
				53B87D59213B377E0095FE6A /* Port-O-PalTests.xctest */,
				53B87D64213B377E0095FE6A /* Port-O-PalUITests.xctest */,
			);
			name = Products;
			sourceTree = "<group>";
		};
		53B87D47213B377D0095FE6A /* Port-O-Pal */ = {
			isa = PBXGroup;
			children = (
				53B87D77213B37A90095FE6A /* Models */,
				53B87D78213B37B30095FE6A /* Controllers */,
				53B87D76213B37A00095FE6A /* Views */,
				53B87D48213B377D0095FE6A /* AppDelegate.swift */,
				53B87D4A213B377D0095FE6A /* ViewController.swift */,
				53B87D4C213B377D0095FE6A /* Main.storyboard */,
				53B87D4F213B377E0095FE6A /* Assets.xcassets */,
				53B87D51213B377E0095FE6A /* LaunchScreen.storyboard */,
				53B87D54213B377E0095FE6A /* Info.plist */,
			);
			path = "Port-O-Pal";
			sourceTree = "<group>";
		};
		53B87D5C213B377E0095FE6A /* Port-O-PalTests */ = {
			isa = PBXGroup;
			children = (
				53B87D5D213B377E0095FE6A /* Port_O_PalTests.swift */,
				53B87D5F213B377E0095FE6A /* Info.plist */,
			);
			path = "Port-O-PalTests";
			sourceTree = "<group>";
		};
		53B87D67213B377E0095FE6A /* Port-O-PalUITests */ = {
			isa = PBXGroup;
			children = (
				53B87D68213B377E0095FE6A /* Port_O_PalUITests.swift */,
				53B87D6A213B377F0095FE6A /* Info.plist */,
			);
			path = "Port-O-PalUITests";
			sourceTree = "<group>";
		};
		53B87D76213B37A00095FE6A /* Views */ = {
			isa = PBXGroup;
			children = (
			);
			path = Views;
			sourceTree = "<group>";
		};
		53B87D77213B37A90095FE6A /* Models */ = {
			isa = PBXGroup;
			children = (
			);
			path = Models;
			sourceTree = "<group>";
		};
		53B87D78213B37B30095FE6A /* Controllers */ = {
			isa = PBXGroup;
			children = (
			);
			path = Controllers;
			sourceTree = "<group>";
		};
/* End PBXGroup section */

/* Begin PBXNativeTarget section */
		53B87D44213B377D0095FE6A /* Port-O-Pal */ = {
			isa = PBXNativeTarget;
			buildConfigurationList = 53B87D6D213B377F0095FE6A /* Build configuration list for PBXNativeTarget "Port-O-Pal" */;
			buildPhases = (
				53B87D41213B377D0095FE6A /* Sources */,
				53B87D42213B377D0095FE6A /* Frameworks */,
				53B87D43213B377D0095FE6A /* Resources */,
			);
			buildRules = (
			);
			dependencies = (
			);
			name = "Port-O-Pal";
			productName = "Port-O-Pal";
			productReference = 53B87D45213B377D0095FE6A /* Port-O-Pal.app */;
			productType = "com.apple.product-type.application";
		};
		53B87D58213B377E0095FE6A /* Port-O-PalTests */ = {
			isa = PBXNativeTarget;
			buildConfigurationList = 53B87D70213B377F0095FE6A /* Build configuration list for PBXNativeTarget "Port-O-PalTests" */;
			buildPhases = (
				53B87D55213B377E0095FE6A /* Sources */,
				53B87D56213B377E0095FE6A /* Frameworks */,
				53B87D57213B377E0095FE6A /* Resources */,
			);
			buildRules = (
			);
			dependencies = (
				53B87D5B213B377E0095FE6A /* PBXTargetDependency */,
			);
			name = "Port-O-PalTests";
			productName = "Port-O-PalTests";
			productReference = 53B87D59213B377E0095FE6A /* Port-O-PalTests.xctest */;
			productType = "com.apple.product-type.bundle.unit-test";
		};
		53B87D63213B377E0095FE6A /* Port-O-PalUITests */ = {
			isa = PBXNativeTarget;
			buildConfigurationList = 53B87D73213B377F0095FE6A /* Build configuration list for PBXNativeTarget "Port-O-PalUITests" */;
			buildPhases = (
				53B87D60213B377E0095FE6A /* Sources */,
				53B87D61213B377E0095FE6A /* Frameworks */,
				53B87D62213B377E0095FE6A /* Resources */,
			);
			buildRules = (
			);
			dependencies = (
				53B87D66213B377E0095FE6A /* PBXTargetDependency */,
			);
			name = "Port-O-PalUITests";
			productName = "Port-O-PalUITests";
			productReference = 53B87D64213B377E0095FE6A /* Port-O-PalUITests.xctest */;
			productType = "com.apple.product-type.bundle.ui-testing";
		};
/* End PBXNativeTarget section */

/* Begin PBXProject section */
		53B87D3D213B377D0095FE6A /* Project object */ = {
			isa = PBXProject;
			attributes = {
				LastSwiftUpdateCheck = 0940;
				LastUpgradeCheck = 0940;
				ORGANIZATIONNAME = "Lauren Abramsky";
				TargetAttributes = {
					53B87D44213B377D0095FE6A = {
						CreatedOnToolsVersion = 9.4.1;
					};
					53B87D58213B377E0095FE6A = {
						CreatedOnToolsVersion = 9.4.1;
						TestTargetID = 53B87D44213B377D0095FE6A;
					};
					53B87D63213B377E0095FE6A = {
						CreatedOnToolsVersion = 9.4.1;
						TestTargetID = 53B87D44213B377D0095FE6A;
					};
				};
			};
			buildConfigurationList = 53B87D40213B377D0095FE6A /* Build configuration list for PBXProject "Port-O-Pal" */;
			compatibilityVersion = "Xcode 9.3";
			developmentRegion = en;
			hasScannedForEncodings = 0;
			knownRegions = (
				en,
				Base,
			);
			mainGroup = 53B87D3C213B377D0095FE6A;
			productRefGroup = 53B87D46213B377D0095FE6A /* Products */;
			projectDirPath = "";
			projectRoot = "";
			targets = (
				53B87D44213B377D0095FE6A /* Port-O-Pal */,
				53B87D58213B377E0095FE6A /* Port-O-PalTests */,
				53B87D63213B377E0095FE6A /* Port-O-PalUITests */,
			);
		};
/* End PBXProject section */

/* Begin PBXResourcesBuildPhase section */
		53B87D43213B377D0095FE6A /* Resources */ = {
			isa = PBXResourcesBuildPhase;
			buildActionMask = 2147483647;
			files = (
				53B87D53213B377E0095FE6A /* LaunchScreen.storyboard in Resources */,
				53B87D50213B377E0095FE6A /* Assets.xcassets in Resources */,
				53B87D4E213B377D0095FE6A /* Main.storyboard in Resources */,
			);
			runOnlyForDeploymentPostprocessing = 0;
		};
		53B87D57213B377E0095FE6A /* Resources */ = {
			isa = PBXResourcesBuildPhase;
			buildActionMask = 2147483647;
			files = (
			);
			runOnlyForDeploymentPostprocessing = 0;
		};
		53B87D62213B377E0095FE6A /* Resources */ = {
			isa = PBXResourcesBuildPhase;
			buildActionMask = 2147483647;
			files = (
			);
			runOnlyForDeploymentPostprocessing = 0;
		};
/* End PBXResourcesBuildPhase section */

/* Begin PBXSourcesBuildPhase section */
		53B87D41213B377D0095FE6A /* Sources */ = {
			isa = PBXSourcesBuildPhase;
			buildActionMask = 2147483647;
			files = (
				53B87D4B213B377D0095FE6A /* ViewController.swift in Sources */,
				53B87D49213B377D0095FE6A /* AppDelegate.swift in Sources */,
			);
			runOnlyForDeploymentPostprocessing = 0;
		};
		53B87D55213B377E0095FE6A /* Sources */ = {
			isa = PBXSourcesBuildPhase;
			buildActionMask = 2147483647;
			files = (
				53B87D5E213B377E0095FE6A /* Port_O_PalTests.swift in Sources */,
			);
			runOnlyForDeploymentPostprocessing = 0;
		};
		53B87D60213B377E0095FE6A /* Sources */ = {
			isa = PBXSourcesBuildPhase;
			buildActionMask = 2147483647;
			files = (
				53B87D69213B377E0095FE6A /* Port_O_PalUITests.swift in Sources */,
			);
			runOnlyForDeploymentPostprocessing = 0;
		};
/* End PBXSourcesBuildPhase section */

/* Begin PBXTargetDependency section */
		53B87D5B213B377E0095FE6A /* PBXTargetDependency */ = {
			isa = PBXTargetDependency;
			target = 53B87D44213B377D0095FE6A /* Port-O-Pal */;
			targetProxy = 53B87D5A213B377E0095FE6A /* PBXContainerItemProxy */;
		};
		53B87D66213B377E0095FE6A /* PBXTargetDependency */ = {
			isa = PBXTargetDependency;
			target = 53B87D44213B377D0095FE6A /* Port-O-Pal */;
			targetProxy = 53B87D65213B377E0095FE6A /* PBXContainerItemProxy */;
		};
/* End PBXTargetDependency section */

/* Begin PBXVariantGroup section */
		53B87D4C213B377D0095FE6A /* Main.storyboard */ = {
			isa = PBXVariantGroup;
			children = (
				53B87D4D213B377D0095FE6A /* Base */,
			);
			name = Main.storyboard;
			sourceTree = "<group>";
		};
		53B87D51213B377E0095FE6A /* LaunchScreen.storyboard */ = {
			isa = PBXVariantGroup;
			children = (
				53B87D52213B377E0095FE6A /* Base */,
			);
			name = LaunchScreen.storyboard;
			sourceTree = "<group>";
		};
/* End PBXVariantGroup section */

/* Begin XCBuildConfiguration section */
		53B87D6B213B377F0095FE6A /* Debug */ = {
			isa = XCBuildConfiguration;
			buildSettings = {
				ALWAYS_SEARCH_USER_PATHS = NO;
				CLANG_ANALYZER_NONNULL = YES;
				CLANG_ANALYZER_NUMBER_OBJECT_CONVERSION = YES_AGGRESSIVE;
				CLANG_CXX_LANGUAGE_STANDARD = "gnu++14";
				CLANG_CXX_LIBRARY = "libc++";
				CLANG_ENABLE_MODULES = YES;
				CLANG_ENABLE_OBJC_ARC = YES;
				CLANG_ENABLE_OBJC_WEAK = YES;
				CLANG_WARN_BLOCK_CAPTURE_AUTORELEASING = YES;
				CLANG_WARN_BOOL_CONVERSION = YES;
				CLANG_WARN_COMMA = YES;
				CLANG_WARN_CONSTANT_CONVERSION = YES;
				CLANG_WARN_DEPRECATED_OBJC_IMPLEMENTATIONS = YES;
				CLANG_WARN_DIRECT_OBJC_ISA_USAGE = YES_ERROR;
				CLANG_WARN_DOCUMENTATION_COMMENTS = YES;
				CLANG_WARN_EMPTY_BODY = YES;
				CLANG_WARN_ENUM_CONVERSION = YES;
				CLANG_WARN_INFINITE_RECURSION = YES;
				CLANG_WARN_INT_CONVERSION = YES;
				CLANG_WARN_NON_LITERAL_NULL_CONVERSION = YES;
				CLANG_WARN_OBJC_IMPLICIT_RETAIN_SELF = YES;
				CLANG_WARN_OBJC_LITERAL_CONVERSION = YES;
				CLANG_WARN_OBJC_ROOT_CLASS = YES_ERROR;
				CLANG_WARN_RANGE_LOOP_ANALYSIS = YES;
				CLANG_WARN_STRICT_PROTOTYPES = YES;
				CLANG_WARN_SUSPICIOUS_MOVE = YES;
				CLANG_WARN_UNGUARDED_AVAILABILITY = YES_AGGRESSIVE;
				CLANG_WARN_UNREACHABLE_CODE = YES;
				CLANG_WARN__DUPLICATE_METHOD_MATCH = YES;
				CODE_SIGN_IDENTITY = "iPhone Developer";
				COPY_PHASE_STRIP = NO;
				DEBUG_INFORMATION_FORMAT = dwarf;
				ENABLE_STRICT_OBJC_MSGSEND = YES;
				ENABLE_TESTABILITY = YES;
				GCC_C_LANGUAGE_STANDARD = gnu11;
				GCC_DYNAMIC_NO_PIC = NO;
				GCC_NO_COMMON_BLOCKS = YES;
				GCC_OPTIMIZATION_LEVEL = 0;
				GCC_PREPROCESSOR_DEFINITIONS = (
					"DEBUG=1",
					"$(inherited)",
				);
				GCC_WARN_64_TO_32_BIT_CONVERSION = YES;
				GCC_WARN_ABOUT_RETURN_TYPE = YES_ERROR;
				GCC_WARN_UNDECLARED_SELECTOR = YES;
				GCC_WARN_UNINITIALIZED_AUTOS = YES_AGGRESSIVE;
				GCC_WARN_UNUSED_FUNCTION = YES;
				GCC_WARN_UNUSED_VARIABLE = YES;
				IPHONEOS_DEPLOYMENT_TARGET = 11.4;
				MTL_ENABLE_DEBUG_INFO = YES;
				ONLY_ACTIVE_ARCH = YES;
				SDKROOT = iphoneos;
				SWIFT_ACTIVE_COMPILATION_CONDITIONS = DEBUG;
				SWIFT_OPTIMIZATION_LEVEL = "-Onone";
			};
			name = Debug;
		};
		53B87D6C213B377F0095FE6A /* Release */ = {
			isa = XCBuildConfiguration;
			buildSettings = {
				ALWAYS_SEARCH_USER_PATHS = NO;
				CLANG_ANALYZER_NONNULL = YES;
				CLANG_ANALYZER_NUMBER_OBJECT_CONVERSION = YES_AGGRESSIVE;
				CLANG_CXX_LANGUAGE_STANDARD = "gnu++14";
				CLANG_CXX_LIBRARY = "libc++";
				CLANG_ENABLE_MODULES = YES;
				CLANG_ENABLE_OBJC_ARC = YES;
				CLANG_ENABLE_OBJC_WEAK = YES;
				CLANG_WARN_BLOCK_CAPTURE_AUTORELEASING = YES;
				CLANG_WARN_BOOL_CONVERSION = YES;
				CLANG_WARN_COMMA = YES;
				CLANG_WARN_CONSTANT_CONVERSION = YES;
				CLANG_WARN_DEPRECATED_OBJC_IMPLEMENTATIONS = YES;
				CLANG_WARN_DIRECT_OBJC_ISA_USAGE = YES_ERROR;
				CLANG_WARN_DOCUMENTATION_COMMENTS = YES;
				CLANG_WARN_EMPTY_BODY = YES;
				CLANG_WARN_ENUM_CONVERSION = YES;
				CLANG_WARN_INFINITE_RECURSION = YES;
				CLANG_WARN_INT_CONVERSION = YES;
				CLANG_WARN_NON_LITERAL_NULL_CONVERSION = YES;
				CLANG_WARN_OBJC_IMPLICIT_RETAIN_SELF = YES;
				CLANG_WARN_OBJC_LITERAL_CONVERSION = YES;
				CLANG_WARN_OBJC_ROOT_CLASS = YES_ERROR;
				CLANG_WARN_RANGE_LOOP_ANALYSIS = YES;
				CLANG_WARN_STRICT_PROTOTYPES = YES;
				CLANG_WARN_SUSPICIOUS_MOVE = YES;
				CLANG_WARN_UNGUARDED_AVAILABILITY = YES_AGGRESSIVE;
				CLANG_WARN_UNREACHABLE_CODE = YES;
				CLANG_WARN__DUPLICATE_METHOD_MATCH = YES;
				CODE_SIGN_IDENTITY = "iPhone Developer";
				COPY_PHASE_STRIP = NO;
				DEBUG_INFORMATION_FORMAT = "dwarf-with-dsym";
				ENABLE_NS_ASSERTIONS = NO;
				ENABLE_STRICT_OBJC_MSGSEND = YES;
				GCC_C_LANGUAGE_STANDARD = gnu11;
				GCC_NO_COMMON_BLOCKS = YES;
				GCC_WARN_64_TO_32_BIT_CONVERSION = YES;
				GCC_WARN_ABOUT_RETURN_TYPE = YES_ERROR;
				GCC_WARN_UNDECLARED_SELECTOR = YES;
				GCC_WARN_UNINITIALIZED_AUTOS = YES_AGGRESSIVE;
				GCC_WARN_UNUSED_FUNCTION = YES;
				GCC_WARN_UNUSED_VARIABLE = YES;
				IPHONEOS_DEPLOYMENT_TARGET = 11.4;
				MTL_ENABLE_DEBUG_INFO = NO;
				SDKROOT = iphoneos;
				SWIFT_COMPILATION_MODE = wholemodule;
				SWIFT_OPTIMIZATION_LEVEL = "-O";
				VALIDATE_PRODUCT = YES;
			};
			name = Release;
		};
		53B87D6E213B377F0095FE6A /* Debug */ = {
			isa = XCBuildConfiguration;
			buildSettings = {
				ASSETCATALOG_COMPILER_APPICON_NAME = AppIcon;
				CODE_SIGN_STYLE = Automatic;
				INFOPLIST_FILE = "Port-O-Pal/Info.plist";
				LD_RUNPATH_SEARCH_PATHS = (
					"$(inherited)",
					"@executable_path/Frameworks",
				);
				PRODUCT_BUNDLE_IDENTIFIER = "com.lauren.abramsky.Port-O-Pal";
				PRODUCT_NAME = "$(TARGET_NAME)";
				SWIFT_VERSION = 4.0;
				TARGETED_DEVICE_FAMILY = "1,2";
			};
			name = Debug;
		};
		53B87D6F213B377F0095FE6A /* Release */ = {
			isa = XCBuildConfiguration;
			buildSettings = {
				ASSETCATALOG_COMPILER_APPICON_NAME = AppIcon;
				CODE_SIGN_STYLE = Automatic;
				INFOPLIST_FILE = "Port-O-Pal/Info.plist";
				LD_RUNPATH_SEARCH_PATHS = (
					"$(inherited)",
					"@executable_path/Frameworks",
				);
				PRODUCT_BUNDLE_IDENTIFIER = "com.lauren.abramsky.Port-O-Pal";
				PRODUCT_NAME = "$(TARGET_NAME)";
				SWIFT_VERSION = 4.0;
				TARGETED_DEVICE_FAMILY = "1,2";
			};
			name = Release;
		};
		53B87D71213B377F0095FE6A /* Debug */ = {
			isa = XCBuildConfiguration;
			buildSettings = {
				ALWAYS_EMBED_SWIFT_STANDARD_LIBRARIES = YES;
				BUNDLE_LOADER = "$(TEST_HOST)";
				CODE_SIGN_STYLE = Automatic;
				INFOPLIST_FILE = "Port-O-PalTests/Info.plist";
				LD_RUNPATH_SEARCH_PATHS = (
					"$(inherited)",
					"@executable_path/Frameworks",
					"@loader_path/Frameworks",
				);
				PRODUCT_BUNDLE_IDENTIFIER = "com.lauren.abramsky.Port-O-PalTests";
				PRODUCT_NAME = "$(TARGET_NAME)";
				SWIFT_VERSION = 4.0;
				TARGETED_DEVICE_FAMILY = "1,2";
				TEST_HOST = "$(BUILT_PRODUCTS_DIR)/Port-O-Pal.app/Port-O-Pal";
			};
			name = Debug;
		};
		53B87D72213B377F0095FE6A /* Release */ = {
			isa = XCBuildConfiguration;
			buildSettings = {
				ALWAYS_EMBED_SWIFT_STANDARD_LIBRARIES = YES;
				BUNDLE_LOADER = "$(TEST_HOST)";
				CODE_SIGN_STYLE = Automatic;
				INFOPLIST_FILE = "Port-O-PalTests/Info.plist";
				LD_RUNPATH_SEARCH_PATHS = (
					"$(inherited)",
					"@executable_path/Frameworks",
					"@loader_path/Frameworks",
				);
				PRODUCT_BUNDLE_IDENTIFIER = "com.lauren.abramsky.Port-O-PalTests";
				PRODUCT_NAME = "$(TARGET_NAME)";
				SWIFT_VERSION = 4.0;
				TARGETED_DEVICE_FAMILY = "1,2";
				TEST_HOST = "$(BUILT_PRODUCTS_DIR)/Port-O-Pal.app/Port-O-Pal";
			};
			name = Release;
		};
		53B87D74213B377F0095FE6A /* Debug */ = {
			isa = XCBuildConfiguration;
			buildSettings = {
				ALWAYS_EMBED_SWIFT_STANDARD_LIBRARIES = YES;
				CODE_SIGN_STYLE = Automatic;
				INFOPLIST_FILE = "Port-O-PalUITests/Info.plist";
				LD_RUNPATH_SEARCH_PATHS = (
					"$(inherited)",
					"@executable_path/Frameworks",
					"@loader_path/Frameworks",
				);
				PRODUCT_BUNDLE_IDENTIFIER = "com.lauren.abramsky.Port-O-PalUITests";
				PRODUCT_NAME = "$(TARGET_NAME)";
				SWIFT_VERSION = 4.0;
				TARGETED_DEVICE_FAMILY = "1,2";
				TEST_TARGET_NAME = "Port-O-Pal";
			};
			name = Debug;
		};
		53B87D75213B377F0095FE6A /* Release */ = {
			isa = XCBuildConfiguration;
			buildSettings = {
				ALWAYS_EMBED_SWIFT_STANDARD_LIBRARIES = YES;
				CODE_SIGN_STYLE = Automatic;
				INFOPLIST_FILE = "Port-O-PalUITests/Info.plist";
				LD_RUNPATH_SEARCH_PATHS = (
					"$(inherited)",
					"@executable_path/Frameworks",
					"@loader_path/Frameworks",
				);
				PRODUCT_BUNDLE_IDENTIFIER = "com.lauren.abramsky.Port-O-PalUITests";
				PRODUCT_NAME = "$(TARGET_NAME)";
				SWIFT_VERSION = 4.0;
				TARGETED_DEVICE_FAMILY = "1,2";
				TEST_TARGET_NAME = "Port-O-Pal";
			};
			name = Release;
		};
/* End XCBuildConfiguration section */

/* Begin XCConfigurationList section */
		53B87D40213B377D0095FE6A /* Build configuration list for PBXProject "Port-O-Pal" */ = {
			isa = XCConfigurationList;
			buildConfigurations = (
				53B87D6B213B377F0095FE6A /* Debug */,
				53B87D6C213B377F0095FE6A /* Release */,
			);
			defaultConfigurationIsVisible = 0;
			defaultConfigurationName = Release;
		};
		53B87D6D213B377F0095FE6A /* Build configuration list for PBXNativeTarget "Port-O-Pal" */ = {
			isa = XCConfigurationList;
			buildConfigurations = (
				53B87D6E213B377F0095FE6A /* Debug */,
				53B87D6F213B377F0095FE6A /* Release */,
			);
			defaultConfigurationIsVisible = 0;
			defaultConfigurationName = Release;
		};
		53B87D70213B377F0095FE6A /* Build configuration list for PBXNativeTarget "Port-O-PalTests" */ = {
			isa = XCConfigurationList;
			buildConfigurations = (
				53B87D71213B377F0095FE6A /* Debug */,
				53B87D72213B377F0095FE6A /* Release */,
			);
			defaultConfigurationIsVisible = 0;
			defaultConfigurationName = Release;
		};
		53B87D73213B377F0095FE6A /* Build configuration list for PBXNativeTarget "Port-O-PalUITests" */ = {
			isa = XCConfigurationList;
			buildConfigurations = (
				53B87D74213B377F0095FE6A /* Debug */,
				53B87D75213B377F0095FE6A /* Release */,
			);
			defaultConfigurationIsVisible = 0;
			defaultConfigurationName = Release;
		};
/* End XCConfigurationList section */
	};
	rootObject = 53B87D3D213B377D0095FE6A /* Project object */;
}
